
Microsoft Visual Studio Solution File, Format Version 12.00
# Visual Studio Version 16
VisualStudioVersion = 16.0.34031.81
MinimumVisualStudioVersion = 10.0.40219.1
Project("{FAE04EC0-301F-11D3-BF4B-00C04F79EFBC}") = "tp-carrito-compras-equipo-20", "tp-carrito-compras-equipo-20\tp-carrito-compras-equipo-20.csproj", "{37494028-7838-486C-95C2-D09E596FEAFE}"
EndProject
Project("{FAE04EC0-301F-11D3-BF4B-00C04F79EFBC}") = "dominio", "dominio\dominio.csproj", "{C248414A-6F35-4695-91AB-794A83B65219}"
EndProject
Project("{FAE04EC0-301F-11D3-BF4B-00C04F79EFBC}") = "negocio", "negocio\negocio.csproj", "{096E2804-2D55-4880-8E88-1DF617FB20BD}"
EndProject
Global
	GlobalSection(SolutionConfigurationPlatforms) = preSolution
		Debug|Any CPU = Debug|Any CPU
		Release|Any CPU = Release|Any CPU
	EndGlobalSection
	GlobalSection(ProjectConfigurationPlatforms) = postSolution
		{37494028-7838-486C-95C2-D09E596FEAFE}.Debug|Any CPU.ActiveCfg = Debug|Any CPU
		{37494028-7838-486C-95C2-D09E596FEAFE}.Debug|Any CPU.Build.0 = Debug|Any CPU
		{37494028-7838-486C-95C2-D09E596FEAFE}.Release|Any CPU.ActiveCfg = Release|Any CPU
		{37494028-7838-486C-95C2-D09E596FEAFE}.Release|Any CPU.Build.0 = Release|Any CPU
		{C248414A-6F35-4695-91AB-794A83B65219}.Debug|Any CPU.ActiveCfg = Debug|Any CPU
		{C248414A-6F35-4695-91AB-794A83B65219}.Debug|Any CPU.Build.0 = Debug|Any CPU
		{C248414A-6F35-4695-91AB-794A83B65219}.Release|Any CPU.ActiveCfg = Release|Any CPU
		{C248414A-6F35-4695-91AB-794A83B65219}.Release|Any CPU.Build.0 = Release|Any CPU
		{096E2804-2D55-4880-8E88-1DF617FB20BD}.Debug|Any CPU.ActiveCfg = Debug|Any CPU
		{096E2804-2D55-4880-8E88-1DF617FB20BD}.Debug|Any CPU.Build.0 = Debug|Any CPU
		{096E2804-2D55-4880-8E88-1DF617FB20BD}.Release|Any CPU.ActiveCfg = Release|Any CPU
		{096E2804-2D55-4880-8E88-1DF617FB20BD}.Release|Any CPU.Build.0 = Release|Any CPU
	EndGlobalSection
	GlobalSection(SolutionProperties) = preSolution
		HideSolutionNode = FALSE
	EndGlobalSection
	GlobalSection(ExtensibilityGlobals) = postSolution
		SolutionGuid = {A55B3F84-8303-478D-9CFE-E60E835DC127}
	EndGlobalSection
EndGlobal
